
Microsoft Visual Studio Solution File, Format Version 12.00
# Visual Studio Version 17
VisualStudioVersion = 17.3.32804.467
MinimumVisualStudioVersion = 10.0.40219.1
Project("{9A19103F-16F7-4668-BE54-9A1E7A4F7556}") = "Abp.StrainerPipe.Channel", "src\Abp.StrainerPipe.Channel\Abp.StrainerPipe.Channel.csproj", "{0F2D2538-1BBD-4950-A629-E5B43FAB03D8}"
EndProject
Project("{9A19103F-16F7-4668-BE54-9A1E7A4F7556}") = "Abp.StrainerPipe.Source", "src\Abp.StrainerPipe.Source\Abp.StrainerPipe.Source.csproj", "{5248E62E-F26D-4988-AAD6-EF6D43AF6EDD}"
EndProject
Project("{9A19103F-16F7-4668-BE54-9A1E7A4F7556}") = "Abp.StrainerPipe.Sink", "src\Abp.StrainerPipe.Sink\Abp.StrainerPipe.Sink.csproj", "{B1046EE1-8349-4B9D-9B95-F78F9E878D44}"
EndProject
Project("{9A19103F-16F7-4668-BE54-9A1E7A4F7556}") = "Abp.StrainerPipe.Core", "src\Abp.StrainerPipe.Core\Abp.StrainerPipe.Core.csproj", "{149E4B6F-7471-4A48-B1C1-877738536588}"
EndProject
Project("{2150E333-8FDC-42A3-9474-1A3956D46DE8}") = "test", "test", "{F463F166-4D15-42C4-A8B3-1CA313F0CE66}"
EndProject
Project("{2150E333-8FDC-42A3-9474-1A3956D46DE8}") = "src", "src", "{34CD2395-C1BF-4478-830F-5A4CAE9B40FA}"
EndProject
Project("{FAE04EC0-301F-11D3-BF4B-00C04F79EFBC}") = "Abp.StrainerPipe.Channel.Tests", "test\Abp.StrainerPipe.Channel.Tests\Abp.StrainerPipe.Channel.Tests.csproj", "{4841A976-3879-44CA-B6AA-F9A925B70F1B}"
EndProject
Project("{FAE04EC0-301F-11D3-BF4B-00C04F79EFBC}") = "Abp.StrainerPipe.TestBase", "test\Abp.StrainerPipe.TestBase\Abp.StrainerPipe.TestBase.csproj", "{A3194E7E-B9EA-42FB-A0CA-9634F8031F72}"
EndProject
Global
	GlobalSection(SolutionConfigurationPlatforms) = preSolution
		Debug|Any CPU = Debug|Any CPU
		Release|Any CPU = Release|Any CPU
	EndGlobalSection
	GlobalSection(ProjectConfigurationPlatforms) = postSolution
		{0F2D2538-1BBD-4950-A629-E5B43FAB03D8}.Debug|Any CPU.ActiveCfg = Debug|Any CPU
		{0F2D2538-1BBD-4950-A629-E5B43FAB03D8}.Debug|Any CPU.Build.0 = Debug|Any CPU
		{0F2D2538-1BBD-4950-A629-E5B43FAB03D8}.Release|Any CPU.ActiveCfg = Release|Any CPU
		{0F2D2538-1BBD-4950-A629-E5B43FAB03D8}.Release|Any CPU.Build.0 = Release|Any CPU
		{5248E62E-F26D-4988-AAD6-EF6D43AF6EDD}.Debug|Any CPU.ActiveCfg = Debug|Any CPU
		{5248E62E-F26D-4988-AAD6-EF6D43AF6EDD}.Debug|Any CPU.Build.0 = Debug|Any CPU
		{5248E62E-F26D-4988-AAD6-EF6D43AF6EDD}.Release|Any CPU.ActiveCfg = Release|Any CPU
		{5248E62E-F26D-4988-AAD6-EF6D43AF6EDD}.Release|Any CPU.Build.0 = Release|Any CPU
		{B1046EE1-8349-4B9D-9B95-F78F9E878D44}.Debug|Any CPU.ActiveCfg = Debug|Any CPU
		{B1046EE1-8349-4B9D-9B95-F78F9E878D44}.Debug|Any CPU.Build.0 = Debug|Any CPU
		{B1046EE1-8349-4B9D-9B95-F78F9E878D44}.Release|Any CPU.ActiveCfg = Release|Any CPU
		{B1046EE1-8349-4B9D-9B95-F78F9E878D44}.Release|Any CPU.Build.0 = Release|Any CPU
		{149E4B6F-7471-4A48-B1C1-877738536588}.Debug|Any CPU.ActiveCfg = Debug|Any CPU
		{149E4B6F-7471-4A48-B1C1-877738536588}.Debug|Any CPU.Build.0 = Debug|Any CPU
		{149E4B6F-7471-4A48-B1C1-877738536588}.Release|Any CPU.ActiveCfg = Release|Any CPU
		{149E4B6F-7471-4A48-B1C1-877738536588}.Release|Any CPU.Build.0 = Release|Any CPU
		{4841A976-3879-44CA-B6AA-F9A925B70F1B}.Debug|Any CPU.ActiveCfg = Debug|Any CPU
		{4841A976-3879-44CA-B6AA-F9A925B70F1B}.Debug|Any CPU.Build.0 = Debug|Any CPU
		{4841A976-3879-44CA-B6AA-F9A925B70F1B}.Release|Any CPU.ActiveCfg = Release|Any CPU
		{4841A976-3879-44CA-B6AA-F9A925B70F1B}.Release|Any CPU.Build.0 = Release|Any CPU
		{A3194E7E-B9EA-42FB-A0CA-9634F8031F72}.Debug|Any CPU.ActiveCfg = Debug|Any CPU
		{A3194E7E-B9EA-42FB-A0CA-9634F8031F72}.Debug|Any CPU.Build.0 = Debug|Any CPU
		{A3194E7E-B9EA-42FB-A0CA-9634F8031F72}.Release|Any CPU.ActiveCfg = Release|Any CPU
		{A3194E7E-B9EA-42FB-A0CA-9634F8031F72}.Release|Any CPU.Build.0 = Release|Any CPU
	EndGlobalSection
	GlobalSection(SolutionProperties) = preSolution
		HideSolutionNode = FALSE
	EndGlobalSection
	GlobalSection(NestedProjects) = preSolution
		{0F2D2538-1BBD-4950-A629-E5B43FAB03D8} = {34CD2395-C1BF-4478-830F-5A4CAE9B40FA}
		{5248E62E-F26D-4988-AAD6-EF6D43AF6EDD} = {34CD2395-C1BF-4478-830F-5A4CAE9B40FA}
		{B1046EE1-8349-4B9D-9B95-F78F9E878D44} = {34CD2395-C1BF-4478-830F-5A4CAE9B40FA}
		{149E4B6F-7471-4A48-B1C1-877738536588} = {34CD2395-C1BF-4478-830F-5A4CAE9B40FA}
		{4841A976-3879-44CA-B6AA-F9A925B70F1B} = {F463F166-4D15-42C4-A8B3-1CA313F0CE66}
		{A3194E7E-B9EA-42FB-A0CA-9634F8031F72} = {F463F166-4D15-42C4-A8B3-1CA313F0CE66}
	EndGlobalSection
	GlobalSection(ExtensibilityGlobals) = postSolution
		SolutionGuid = {EE8755CC-FB81-48E1-A5DB-6EFF83CAFC99}
	EndGlobalSection
EndGlobal
